// !$*UTF8*$!
{
	archiveVersion = 1;
	classes = {
	};
	objectVersion = 48;
	objects = {

/* Begin PBXBuildFile section */
		230BFB451F839B8C008B9EE2 /* ChildrensTableViewController.swift in Sources */ = {isa = PBXBuildFile; fileRef = 230BFB441F839B8C008B9EE2 /* ChildrensTableViewController.swift */; };
		230BFB471F83A589008B9EE2 /* AboutSchoolViewController.swift in Sources */ = {isa = PBXBuildFile; fileRef = 230BFB461F83A589008B9EE2 /* AboutSchoolViewController.swift */; };
		230BFB491F83A5A4008B9EE2 /* ActionViewController.swift in Sources */ = {isa = PBXBuildFile; fileRef = 230BFB481F83A5A4008B9EE2 /* ActionViewController.swift */; };
		230BFB4B1F83A5E3008B9EE2 /* NotificationViewController.swift in Sources */ = {isa = PBXBuildFile; fileRef = 230BFB4A1F83A5E3008B9EE2 /* NotificationViewController.swift */; };
		2319FBB01F836BBB00C4D8FA /* Utility.swift in Sources */ = {isa = PBXBuildFile; fileRef = 2319FBAF1F836BBB00C4D8FA /* Utility.swift */; };
		2319FBB21F836C1800C4D8FA /* Constants.swift in Sources */ = {isa = PBXBuildFile; fileRef = 2319FBB11F836C1800C4D8FA /* Constants.swift */; };
		2344EF841F84B20400EA4215 /* FotgotPasswordViewController.swift in Sources */ = {isa = PBXBuildFile; fileRef = 2344EF831F84B20400EA4215 /* FotgotPasswordViewController.swift */; };
		2344EF8C1F84EFC900EA4215 /* ChildrenDetail.swift in Sources */ = {isa = PBXBuildFile; fileRef = 2344EF8B1F84EFC900EA4215 /* ChildrenDetail.swift */; };
		234D72231F8356870040AF39 /* AppDelegate.swift in Sources */ = {isa = PBXBuildFile; fileRef = 234D72221F8356870040AF39 /* AppDelegate.swift */; };
		234D72251F8356870040AF39 /* ViewController.swift in Sources */ = {isa = PBXBuildFile; fileRef = 234D72241F8356870040AF39 /* ViewController.swift */; };
		234D72281F8356870040AF39 /* Main.storyboard in Resources */ = {isa = PBXBuildFile; fileRef = 234D72261F8356870040AF39 /* Main.storyboard */; };
		234D722A1F8356870040AF39 /* Assets.xcassets in Resources */ = {isa = PBXBuildFile; fileRef = 234D72291F8356870040AF39 /* Assets.xcassets */; };
		234D722D1F8356870040AF39 /* LaunchScreen.storyboard in Resources */ = {isa = PBXBuildFile; fileRef = 234D722B1F8356870040AF39 /* LaunchScreen.storyboard */; };
		234D723A1F83584C0040AF39 /* LoginViewController.swift in Sources */ = {isa = PBXBuildFile; fileRef = 234D72391F83584C0040AF39 /* LoginViewController.swift */; };
		23C845261F83BF5E000D16B9 /* ChildrensTableViewCell.swift in Sources */ = {isa = PBXBuildFile; fileRef = 23C845251F83BF5E000D16B9 /* ChildrensTableViewCell.swift */; };
		23C845291F83C2DF000D16B9 /* SignUpViewController.swift in Sources */ = {isa = PBXBuildFile; fileRef = 23C845281F83C2DF000D16B9 /* SignUpViewController.swift */; };
		23C845311F83CC5D000D16B9 /* BaseViewController.swift in Sources */ = {isa = PBXBuildFile; fileRef = 23C8452F1F83CC4D000D16B9 /* BaseViewController.swift */; };
		23C845321F83CC5D000D16B9 /* StudentChildDetailsViewController.swift in Sources */ = {isa = PBXBuildFile; fileRef = 23C8452D1F83CC4D000D16B9 /* StudentChildDetailsViewController.swift */; };
		23C845391F83CD88000D16B9 /* Parent.swift in Sources */ = {isa = PBXBuildFile; fileRef = 23C845381F83CD88000D16B9 /* Parent.swift */; };
		23C8453B1F83CDB3000D16B9 /* StudentChild.swift in Sources */ = {isa = PBXBuildFile; fileRef = 23C8453A1F83CDB3000D16B9 /* StudentChild.swift */; };
		23C8453D1F83CDF2000D16B9 /* SearchTableViewCell.swift in Sources */ = {isa = PBXBuildFile; fileRef = 23C8453C1F83CDF2000D16B9 /* SearchTableViewCell.swift */; };
		23FF1B9F1F8370C00071B200 /* UIColorExtension.swift in Sources */ = {isa = PBXBuildFile; fileRef = 23FF1B9D1F8370C00071B200 /* UIColorExtension.swift */; };
		23FF1BA01F8370C00071B200 /* UIStoryboardExtension.swift in Sources */ = {isa = PBXBuildFile; fileRef = 23FF1B9E1F8370C00071B200 /* UIStoryboardExtension.swift */; };
		23FF1BA21F8372E60071B200 /* HomeTabBarController.swift in Sources */ = {isa = PBXBuildFile; fileRef = 23FF1BA11F8372E60071B200 /* HomeTabBarController.swift */; };
		23FF1BAA1F837C6A0071B200 /* EventTableViewController.swift in Sources */ = {isa = PBXBuildFile; fileRef = 23FF1BA91F837C6A0071B200 /* EventTableViewController.swift */; };
		23FF1BAD1F837DF80071B200 /* EventsTableViewCell.swift in Sources */ = {isa = PBXBuildFile; fileRef = 23FF1BAC1F837DF80071B200 /* EventsTableViewCell.swift */; };
		539F60E91F84A9AF003E6B81 /* Teacher.storyboard in Resources */ = {isa = PBXBuildFile; fileRef = 539F60E71F84A9AF003E6B81 /* Teacher.storyboard */; };
		539F60EA1F84AA06003E6B81 /* SearchTableViewCell.xib in Sources */ = {isa = PBXBuildFile; fileRef = 23C845361F83CC73000D16B9 /* SearchTableViewCell.xib */; };
		539F60ED1F84C934003E6B81 /* ParentTableViewCell.swift in Sources */ = {isa = PBXBuildFile; fileRef = 539F60EB1F84C934003E6B81 /* ParentTableViewCell.swift */; };
		539F60EE1F84C934003E6B81 /* ParentTableViewCell.xib in Resources */ = {isa = PBXBuildFile; fileRef = 539F60EC1F84C934003E6B81 /* ParentTableViewCell.xib */; };
/* End PBXBuildFile section */

/* Begin PBXFileReference section */
		230BFB441F839B8C008B9EE2 /* ChildrensTableViewController.swift */ = {isa = PBXFileReference; lastKnownFileType = sourcecode.swift; path = ChildrensTableViewController.swift; sourceTree = "<group>"; };
		230BFB461F83A589008B9EE2 /* AboutSchoolViewController.swift */ = {isa = PBXFileReference; lastKnownFileType = sourcecode.swift; path = AboutSchoolViewController.swift; sourceTree = "<group>"; };
		230BFB481F83A5A4008B9EE2 /* ActionViewController.swift */ = {isa = PBXFileReference; lastKnownFileType = sourcecode.swift; path = ActionViewController.swift; sourceTree = "<group>"; };
		230BFB4A1F83A5E3008B9EE2 /* NotificationViewController.swift */ = {isa = PBXFileReference; lastKnownFileType = sourcecode.swift; path = NotificationViewController.swift; sourceTree = "<group>"; };
		2319FBAF1F836BBB00C4D8FA /* Utility.swift */ = {isa = PBXFileReference; lastKnownFileType = sourcecode.swift; path = Utility.swift; sourceTree = "<group>"; };
		2319FBB11F836C1800C4D8FA /* Constants.swift */ = {isa = PBXFileReference; lastKnownFileType = sourcecode.swift; path = Constants.swift; sourceTree = "<group>"; };
		2344EF831F84B20400EA4215 /* FotgotPasswordViewController.swift */ = {isa = PBXFileReference; lastKnownFileType = sourcecode.swift; path = FotgotPasswordViewController.swift; sourceTree = "<group>"; };
		2344EF8B1F84EFC900EA4215 /* ChildrenDetail.swift */ = {isa = PBXFileReference; lastKnownFileType = sourcecode.swift; path = ChildrenDetail.swift; sourceTree = "<group>"; };
		234D721F1F8356870040AF39 /* SchoolParentManagment.app */ = {isa = PBXFileReference; explicitFileType = wrapper.application; includeInIndex = 0; path = SchoolParentManagment.app; sourceTree = BUILT_PRODUCTS_DIR; };
		234D72221F8356870040AF39 /* AppDelegate.swift */ = {isa = PBXFileReference; lastKnownFileType = sourcecode.swift; path = AppDelegate.swift; sourceTree = "<group>"; };
		234D72241F8356870040AF39 /* ViewController.swift */ = {isa = PBXFileReference; lastKnownFileType = sourcecode.swift; path = ViewController.swift; sourceTree = "<group>"; };
		234D72271F8356870040AF39 /* Base */ = {isa = PBXFileReference; lastKnownFileType = file.storyboard; name = Base; path = Base.lproj/Main.storyboard; sourceTree = "<group>"; };
		234D72291F8356870040AF39 /* Assets.xcassets */ = {isa = PBXFileReference; lastKnownFileType = folder.assetcatalog; path = Assets.xcassets; sourceTree = "<group>"; };
		234D722C1F8356870040AF39 /* Base */ = {isa = PBXFileReference; lastKnownFileType = file.storyboard; name = Base; path = Base.lproj/LaunchScreen.storyboard; sourceTree = "<group>"; };
		234D722E1F8356870040AF39 /* Info.plist */ = {isa = PBXFileReference; lastKnownFileType = text.plist.xml; path = Info.plist; sourceTree = "<group>"; };
		234D72391F83584C0040AF39 /* LoginViewController.swift */ = {isa = PBXFileReference; lastKnownFileType = sourcecode.swift; path = LoginViewController.swift; sourceTree = "<group>"; };
		23C845251F83BF5E000D16B9 /* ChildrensTableViewCell.swift */ = {isa = PBXFileReference; lastKnownFileType = sourcecode.swift; path = ChildrensTableViewCell.swift; sourceTree = "<group>"; };
		23C845281F83C2DF000D16B9 /* SignUpViewController.swift */ = {isa = PBXFileReference; lastKnownFileType = sourcecode.swift; path = SignUpViewController.swift; sourceTree = "<group>"; };
		23C8452D1F83CC4D000D16B9 /* StudentChildDetailsViewController.swift */ = {isa = PBXFileReference; lastKnownFileType = sourcecode.swift; path = StudentChildDetailsViewController.swift; sourceTree = "<group>"; };
		23C8452E1F83CC4D000D16B9 /* TeacherSearchViewController.swift */ = {isa = PBXFileReference; lastKnownFileType = sourcecode.swift; path = TeacherSearchViewController.swift; sourceTree = "<group>"; };
		23C8452F1F83CC4D000D16B9 /* BaseViewController.swift */ = {isa = PBXFileReference; lastKnownFileType = sourcecode.swift; path = BaseViewController.swift; sourceTree = "<group>"; };
		23C845361F83CC73000D16B9 /* SearchTableViewCell.xib */ = {isa = PBXFileReference; lastKnownFileType = file.xib; path = SearchTableViewCell.xib; sourceTree = "<group>"; };
		23C845381F83CD88000D16B9 /* Parent.swift */ = {isa = PBXFileReference; lastKnownFileType = sourcecode.swift; path = Parent.swift; sourceTree = "<group>"; };
		23C8453A1F83CDB3000D16B9 /* StudentChild.swift */ = {isa = PBXFileReference; lastKnownFileType = sourcecode.swift; path = StudentChild.swift; sourceTree = "<group>"; };
		23C8453C1F83CDF2000D16B9 /* SearchTableViewCell.swift */ = {isa = PBXFileReference; lastKnownFileType = sourcecode.swift; path = SearchTableViewCell.swift; sourceTree = "<group>"; };
		23FF1B9D1F8370C00071B200 /* UIColorExtension.swift */ = {isa = PBXFileReference; fileEncoding = 4; lastKnownFileType = sourcecode.swift; path = UIColorExtension.swift; sourceTree = "<group>"; };
		23FF1B9E1F8370C00071B200 /* UIStoryboardExtension.swift */ = {isa = PBXFileReference; fileEncoding = 4; lastKnownFileType = sourcecode.swift; path = UIStoryboardExtension.swift; sourceTree = "<group>"; };
		23FF1BA11F8372E60071B200 /* HomeTabBarController.swift */ = {isa = PBXFileReference; lastKnownFileType = sourcecode.swift; path = HomeTabBarController.swift; sourceTree = "<group>"; };
		23FF1BA91F837C6A0071B200 /* EventTableViewController.swift */ = {isa = PBXFileReference; lastKnownFileType = sourcecode.swift; path = EventTableViewController.swift; sourceTree = "<group>"; };
		23FF1BAC1F837DF80071B200 /* EventsTableViewCell.swift */ = {isa = PBXFileReference; lastKnownFileType = sourcecode.swift; path = EventsTableViewCell.swift; sourceTree = "<group>"; };
		539F60E81F84A9AF003E6B81 /* Base */ = {isa = PBXFileReference; lastKnownFileType = file.storyboard; name = Base; path = Base.lproj/Teacher.storyboard; sourceTree = "<group>"; };
		539F60EB1F84C934003E6B81 /* ParentTableViewCell.swift */ = {isa = PBXFileReference; lastKnownFileType = sourcecode.swift; path = ParentTableViewCell.swift; sourceTree = "<group>"; };
		539F60EC1F84C934003E6B81 /* ParentTableViewCell.xib */ = {isa = PBXFileReference; lastKnownFileType = file.xib; path = ParentTableViewCell.xib; sourceTree = "<group>"; };
/* End PBXFileReference section */

/* Begin PBXFrameworksBuildPhase section */
		234D721C1F8356870040AF39 /* Frameworks */ = {
			isa = PBXFrameworksBuildPhase;
			buildActionMask = 2147483647;
			files = (
			);
			runOnlyForDeploymentPostprocessing = 0;
		};
/* End PBXFrameworksBuildPhase section */

/* Begin PBXGroup section */
		230BFB4C1F83BA9F008B9EE2 /* ChildrenVCCell */ = {
			isa = PBXGroup;
			children = (
				23C845251F83BF5E000D16B9 /* ChildrensTableViewCell.swift */,
			);
			path = ChildrenVCCell;
			sourceTree = "<group>";
		};
		234D72161F8356870040AF39 = {
			isa = PBXGroup;
			children = (
				234D72211F8356870040AF39 /* SchoolParentManagment */,
				234D72201F8356870040AF39 /* Products */,
			);
			sourceTree = "<group>";
		};
		234D72201F8356870040AF39 /* Products */ = {
			isa = PBXGroup;
			children = (
				234D721F1F8356870040AF39 /* SchoolParentManagment.app */,
			);
			name = Products;
			sourceTree = "<group>";
		};
		234D72211F8356870040AF39 /* SchoolParentManagment */ = {
			isa = PBXGroup;
			children = (
				234D72371F8356A30040AF39 /* Helper */,
				234D72361F83569C0040AF39 /* Controlls */,
				234D72351F8356960040AF39 /* View */,
				234D72341F83568D0040AF39 /* Models */,
				234D72221F8356870040AF39 /* AppDelegate.swift */,
				234D72241F8356870040AF39 /* ViewController.swift */,
				234D72261F8356870040AF39 /* Main.storyboard */,
				539F60E71F84A9AF003E6B81 /* Teacher.storyboard */,
				234D72291F8356870040AF39 /* Assets.xcassets */,
				234D722B1F8356870040AF39 /* LaunchScreen.storyboard */,
				234D722E1F8356870040AF39 /* Info.plist */,
			);
			path = SchoolParentManagment;
			sourceTree = "<group>";
		};
		234D72341F83568D0040AF39 /* Models */ = {
			isa = PBXGroup;
			children = (
				23C845381F83CD88000D16B9 /* Parent.swift */,
				23C8453A1F83CDB3000D16B9 /* StudentChild.swift */,
			);
			path = Models;
			sourceTree = "<group>";
		};
		234D72351F8356960040AF39 /* View */ = {
			isa = PBXGroup;
			children = (
				23C8453C1F83CDF2000D16B9 /* SearchTableViewCell.swift */,
				23C845361F83CC73000D16B9 /* SearchTableViewCell.xib */,
				539F60EB1F84C934003E6B81 /* ParentTableViewCell.swift */,
				539F60EC1F84C934003E6B81 /* ParentTableViewCell.xib */,
				230BFB4C1F83BA9F008B9EE2 /* ChildrenVCCell */,
				23FF1BAB1F837DCF0071B200 /* EventsVCCell */,
			);
			path = View;
			sourceTree = "<group>";
		};
		234D72361F83569C0040AF39 /* Controlls */ = {
			isa = PBXGroup;
			children = (
				234D72381F8356AB0040AF39 /* Classes */,
			);
			path = Controlls;
			sourceTree = "<group>";
		};
		234D72371F8356A30040AF39 /* Helper */ = {
			isa = PBXGroup;
			children = (
				23FF1B9C1F836FAA0071B200 /* Extensions */,
				2319FBAF1F836BBB00C4D8FA /* Utility.swift */,
				2319FBB11F836C1800C4D8FA /* Constants.swift */,
			);
			path = Helper;
			sourceTree = "<group>";
		};
		234D72381F8356AB0040AF39 /* Classes */ = {
			isa = PBXGroup;
			children = (
				23C8452F1F83CC4D000D16B9 /* BaseViewController.swift */,
				23C8452E1F83CC4D000D16B9 /* TeacherSearchViewController.swift */,
				23C845271F83C2BE000D16B9 /* SignUpAndForgotPassword */,
				23C8452D1F83CC4D000D16B9 /* StudentChildDetailsViewController.swift */,
				23C845271F83C2BE000D16B9 /* SignUp */,
				234D72391F83584C0040AF39 /* LoginViewController.swift */,
				23FF1BA11F8372E60071B200 /* HomeTabBarController.swift */,
				23FF1BA31F837BCE0071B200 /* HomeScreens */,
			);
			path = Classes;
			sourceTree = "<group>";
		};
		23C845271F83C2BE000D16B9 /* SignUpAndForgotPassword */ = {
			isa = PBXGroup;
			children = (
				23C845281F83C2DF000D16B9 /* SignUpViewController.swift */,
				2344EF831F84B20400EA4215 /* FotgotPasswordViewController.swift */,
			);
			path = SignUpAndForgotPassword;
			sourceTree = "<group>";
		};
		23FF1B9C1F836FAA0071B200 /* Extensions */ = {
			isa = PBXGroup;
			children = (
				23FF1B9D1F8370C00071B200 /* UIColorExtension.swift */,
				23FF1B9E1F8370C00071B200 /* UIStoryboardExtension.swift */,
			);
			path = Extensions;
			sourceTree = "<group>";
		};
		23FF1BA31F837BCE0071B200 /* HomeScreens */ = {
			isa = PBXGroup;
			children = (
				23FF1BA41F837BE40071B200 /* Event */,
				23FF1BA51F837BED0071B200 /* Children */,
				23FF1BA61F837C0F0071B200 /* Notifications */,
				23FF1BA71F837C1E0071B200 /* Actions */,
				23FF1BA81F837C2C0071B200 /* About School */,
			);
			path = HomeScreens;
			sourceTree = "<group>";
		};
		23FF1BA41F837BE40071B200 /* Event */ = {
			isa = PBXGroup;
			children = (
				23FF1BA91F837C6A0071B200 /* EventTableViewController.swift */,
			);
			path = Event;
			sourceTree = "<group>";
		};
		23FF1BA51F837BED0071B200 /* Children */ = {
			isa = PBXGroup;
			children = (
				230BFB441F839B8C008B9EE2 /* ChildrensTableViewController.swift */,
				2344EF8B1F84EFC900EA4215 /* ChildrenDetail.swift */,
			);
			path = Children;
			sourceTree = "<group>";
		};
		23FF1BA61F837C0F0071B200 /* Notifications */ = {
			isa = PBXGroup;
			children = (
				230BFB4A1F83A5E3008B9EE2 /* NotificationViewController.swift */,
			);
			path = Notifications;
			sourceTree = "<group>";
		};
		23FF1BA71F837C1E0071B200 /* Actions */ = {
			isa = PBXGroup;
			children = (
				230BFB481F83A5A4008B9EE2 /* ActionViewController.swift */,
			);
			path = Actions;
			sourceTree = "<group>";
		};
		23FF1BA81F837C2C0071B200 /* About School */ = {
			isa = PBXGroup;
			children = (
				230BFB461F83A589008B9EE2 /* AboutSchoolViewController.swift */,
			);
			path = "About School";
			sourceTree = "<group>";
		};
		23FF1BAB1F837DCF0071B200 /* EventsVCCell */ = {
			isa = PBXGroup;
			children = (
				23FF1BAC1F837DF80071B200 /* EventsTableViewCell.swift */,
			);
			path = EventsVCCell;
			sourceTree = "<group>";
		};
/* End PBXGroup section */

/* Begin PBXNativeTarget section */
		234D721E1F8356870040AF39 /* SchoolParentManagment */ = {
			isa = PBXNativeTarget;
			buildConfigurationList = 234D72311F8356870040AF39 /* Build configuration list for PBXNativeTarget "SchoolParentManagment" */;
			buildPhases = (
				234D721B1F8356870040AF39 /* Sources */,
				234D721C1F8356870040AF39 /* Frameworks */,
				234D721D1F8356870040AF39 /* Resources */,
			);
			buildRules = (
			);
			dependencies = (
			);
			name = SchoolParentManagment;
			productName = SchoolParentManagment;
			productReference = 234D721F1F8356870040AF39 /* SchoolParentManagment.app */;
			productType = "com.apple.product-type.application";
		};
/* End PBXNativeTarget section */

/* Begin PBXProject section */
		234D72171F8356870040AF39 /* Project object */ = {
			isa = PBXProject;
			attributes = {
				LastSwiftUpdateCheck = 0900;
				LastUpgradeCheck = 0900;
				ORGANIZATIONNAME = Bestpeers;
				TargetAttributes = {
					234D721E1F8356870040AF39 = {
						CreatedOnToolsVersion = 9.0;
						ProvisioningStyle = Automatic;
					};
				};
			};
			buildConfigurationList = 234D721A1F8356870040AF39 /* Build configuration list for PBXProject "SchoolParentManagment" */;
			compatibilityVersion = "Xcode 8.0";
			developmentRegion = en;
			hasScannedForEncodings = 0;
			knownRegions = (
				en,
				Base,
			);
			mainGroup = 234D72161F8356870040AF39;
			productRefGroup = 234D72201F8356870040AF39 /* Products */;
			projectDirPath = "";
			projectRoot = "";
			targets = (
				234D721E1F8356870040AF39 /* SchoolParentManagment */,
			);
		};
/* End PBXProject section */

/* Begin PBXResourcesBuildPhase section */
		234D721D1F8356870040AF39 /* Resources */ = {
			isa = PBXResourcesBuildPhase;
			buildActionMask = 2147483647;
			files = (
				234D722D1F8356870040AF39 /* LaunchScreen.storyboard in Resources */,
				539F60E91F84A9AF003E6B81 /* Teacher.storyboard in Resources */,
				234D722A1F8356870040AF39 /* Assets.xcassets in Resources */,
				539F60EE1F84C934003E6B81 /* ParentTableViewCell.xib in Resources */,
				234D72281F8356870040AF39 /* Main.storyboard in Resources */,
			);
			runOnlyForDeploymentPostprocessing = 0;
		};
/* End PBXResourcesBuildPhase section */

/* Begin PBXSourcesBuildPhase section */
		234D721B1F8356870040AF39 /* Sources */ = {
			isa = PBXSourcesBuildPhase;
			buildActionMask = 2147483647;
			files = (
				539F60EA1F84AA06003E6B81 /* SearchTableViewCell.xib in Sources */,
				2319FBB21F836C1800C4D8FA /* Constants.swift in Sources */,
				23FF1BAA1F837C6A0071B200 /* EventTableViewController.swift in Sources */,
				23FF1BAD1F837DF80071B200 /* EventsTableViewCell.swift in Sources */,
				230BFB491F83A5A4008B9EE2 /* ActionViewController.swift in Sources */,
				23C845261F83BF5E000D16B9 /* ChildrensTableViewCell.swift in Sources */,
				23C845311F83CC5D000D16B9 /* BaseViewController.swift in Sources */,
				2319FBB01F836BBB00C4D8FA /* Utility.swift in Sources */,
				234D723A1F83584C0040AF39 /* LoginViewController.swift in Sources */,
				234D72251F8356870040AF39 /* ViewController.swift in Sources */,
				23C845391F83CD88000D16B9 /* Parent.swift in Sources */,
				23C8453B1F83CDB3000D16B9 /* StudentChild.swift in Sources */,
				234D72231F8356870040AF39 /* AppDelegate.swift in Sources */,
				2344EF8C1F84EFC900EA4215 /* ChildrenDetail.swift in Sources */,
				2344EF841F84B20400EA4215 /* FotgotPasswordViewController.swift in Sources */,
				23FF1B9F1F8370C00071B200 /* UIColorExtension.swift in Sources */,
				23C845291F83C2DF000D16B9 /* SignUpViewController.swift in Sources */,
				230BFB471F83A589008B9EE2 /* AboutSchoolViewController.swift in Sources */,
				23C8453D1F83CDF2000D16B9 /* SearchTableViewCell.swift in Sources */,
				539F60ED1F84C934003E6B81 /* ParentTableViewCell.swift in Sources */,
				230BFB4B1F83A5E3008B9EE2 /* NotificationViewController.swift in Sources */,
				23C845321F83CC5D000D16B9 /* StudentChildDetailsViewController.swift in Sources */,
				23FF1BA21F8372E60071B200 /* HomeTabBarController.swift in Sources */,
				230BFB451F839B8C008B9EE2 /* ChildrensTableViewController.swift in Sources */,
				23FF1BA01F8370C00071B200 /* UIStoryboardExtension.swift in Sources */,
			);
			runOnlyForDeploymentPostprocessing = 0;
		};
/* End PBXSourcesBuildPhase section */

/* Begin PBXVariantGroup section */
		234D72261F8356870040AF39 /* Main.storyboard */ = {
			isa = PBXVariantGroup;
			children = (
				234D72271F8356870040AF39 /* Base */,
			);
			name = Main.storyboard;
			sourceTree = "<group>";
		};
		234D722B1F8356870040AF39 /* LaunchScreen.storyboard */ = {
			isa = PBXVariantGroup;
			children = (
				234D722C1F8356870040AF39 /* Base */,
			);
			name = LaunchScreen.storyboard;
			sourceTree = "<group>";
		};
		539F60E71F84A9AF003E6B81 /* Teacher.storyboard */ = {
			isa = PBXVariantGroup;
			children = (
				539F60E81F84A9AF003E6B81 /* Base */,
			);
			name = Teacher.storyboard;
			sourceTree = "<group>";
		};
/* End PBXVariantGroup section */

/* Begin XCBuildConfiguration section */
		234D722F1F8356870040AF39 /* Debug */ = {
			isa = XCBuildConfiguration;
			buildSettings = {
				ALWAYS_SEARCH_USER_PATHS = NO;
				CLANG_ANALYZER_NONNULL = YES;
				CLANG_ANALYZER_NUMBER_OBJECT_CONVERSION = YES_AGGRESSIVE;
				CLANG_CXX_LANGUAGE_STANDARD = "gnu++14";
				CLANG_CXX_LIBRARY = "libc++";
				CLANG_ENABLE_MODULES = YES;
				CLANG_ENABLE_OBJC_ARC = YES;
				CLANG_WARN_BLOCK_CAPTURE_AUTORELEASING = YES;
				CLANG_WARN_BOOL_CONVERSION = YES;
				CLANG_WARN_COMMA = YES;
				CLANG_WARN_CONSTANT_CONVERSION = YES;
				CLANG_WARN_DIRECT_OBJC_ISA_USAGE = YES_ERROR;
				CLANG_WARN_DOCUMENTATION_COMMENTS = YES;
				CLANG_WARN_EMPTY_BODY = YES;
				CLANG_WARN_ENUM_CONVERSION = YES;
				CLANG_WARN_INFINITE_RECURSION = YES;
				CLANG_WARN_INT_CONVERSION = YES;
				CLANG_WARN_NON_LITERAL_NULL_CONVERSION = YES;
				CLANG_WARN_OBJC_LITERAL_CONVERSION = YES;
				CLANG_WARN_OBJC_ROOT_CLASS = YES_ERROR;
				CLANG_WARN_RANGE_LOOP_ANALYSIS = YES;
				CLANG_WARN_STRICT_PROTOTYPES = YES;
				CLANG_WARN_SUSPICIOUS_MOVE = YES;
				CLANG_WARN_UNGUARDED_AVAILABILITY = YES_AGGRESSIVE;
				CLANG_WARN_UNREACHABLE_CODE = YES;
				CLANG_WARN__DUPLICATE_METHOD_MATCH = YES;
				CODE_SIGN_IDENTITY = "iPhone Developer";
				COPY_PHASE_STRIP = NO;
				DEBUG_INFORMATION_FORMAT = dwarf;
				ENABLE_STRICT_OBJC_MSGSEND = YES;
				ENABLE_TESTABILITY = YES;
				GCC_C_LANGUAGE_STANDARD = gnu11;
				GCC_DYNAMIC_NO_PIC = NO;
				GCC_NO_COMMON_BLOCKS = YES;
				GCC_OPTIMIZATION_LEVEL = 0;
				GCC_PREPROCESSOR_DEFINITIONS = (
					"DEBUG=1",
					"$(inherited)",
				);
				GCC_WARN_64_TO_32_BIT_CONVERSION = YES;
				GCC_WARN_ABOUT_RETURN_TYPE = YES_ERROR;
				GCC_WARN_UNDECLARED_SELECTOR = YES;
				GCC_WARN_UNINITIALIZED_AUTOS = YES_AGGRESSIVE;
				GCC_WARN_UNUSED_FUNCTION = YES;
				GCC_WARN_UNUSED_VARIABLE = YES;
				IPHONEOS_DEPLOYMENT_TARGET = 11.0;
				MTL_ENABLE_DEBUG_INFO = YES;
				ONLY_ACTIVE_ARCH = YES;
				SDKROOT = iphoneos;
				SWIFT_ACTIVE_COMPILATION_CONDITIONS = DEBUG;
				SWIFT_OPTIMIZATION_LEVEL = "-Onone";
			};
			name = Debug;
		};
		234D72301F8356870040AF39 /* Release */ = {
			isa = XCBuildConfiguration;
			buildSettings = {
				ALWAYS_SEARCH_USER_PATHS = NO;
				CLANG_ANALYZER_NONNULL = YES;
				CLANG_ANALYZER_NUMBER_OBJECT_CONVERSION = YES_AGGRESSIVE;
				CLANG_CXX_LANGUAGE_STANDARD = "gnu++14";
				CLANG_CXX_LIBRARY = "libc++";
				CLANG_ENABLE_MODULES = YES;
				CLANG_ENABLE_OBJC_ARC = YES;
				CLANG_WARN_BLOCK_CAPTURE_AUTORELEASING = YES;
				CLANG_WARN_BOOL_CONVERSION = YES;
				CLANG_WARN_COMMA = YES;
				CLANG_WARN_CONSTANT_CONVERSION = YES;
				CLANG_WARN_DIRECT_OBJC_ISA_USAGE = YES_ERROR;
				CLANG_WARN_DOCUMENTATION_COMMENTS = YES;
				CLANG_WARN_EMPTY_BODY = YES;
				CLANG_WARN_ENUM_CONVERSION = YES;
				CLANG_WARN_INFINITE_RECURSION = YES;
				CLANG_WARN_INT_CONVERSION = YES;
				CLANG_WARN_NON_LITERAL_NULL_CONVERSION = YES;
				CLANG_WARN_OBJC_LITERAL_CONVERSION = YES;
				CLANG_WARN_OBJC_ROOT_CLASS = YES_ERROR;
				CLANG_WARN_RANGE_LOOP_ANALYSIS = YES;
				CLANG_WARN_STRICT_PROTOTYPES = YES;
				CLANG_WARN_SUSPICIOUS_MOVE = YES;
				CLANG_WARN_UNGUARDED_AVAILABILITY = YES_AGGRESSIVE;
				CLANG_WARN_UNREACHABLE_CODE = YES;
				CLANG_WARN__DUPLICATE_METHOD_MATCH = YES;
				CODE_SIGN_IDENTITY = "iPhone Developer";
				COPY_PHASE_STRIP = NO;
				DEBUG_INFORMATION_FORMAT = "dwarf-with-dsym";
				ENABLE_NS_ASSERTIONS = NO;
				ENABLE_STRICT_OBJC_MSGSEND = YES;
				GCC_C_LANGUAGE_STANDARD = gnu11;
				GCC_NO_COMMON_BLOCKS = YES;
				GCC_WARN_64_TO_32_BIT_CONVERSION = YES;
				GCC_WARN_ABOUT_RETURN_TYPE = YES_ERROR;
				GCC_WARN_UNDECLARED_SELECTOR = YES;
				GCC_WARN_UNINITIALIZED_AUTOS = YES_AGGRESSIVE;
				GCC_WARN_UNUSED_FUNCTION = YES;
				GCC_WARN_UNUSED_VARIABLE = YES;
				IPHONEOS_DEPLOYMENT_TARGET = 11.0;
				MTL_ENABLE_DEBUG_INFO = NO;
				SDKROOT = iphoneos;
				SWIFT_OPTIMIZATION_LEVEL = "-Owholemodule";
				VALIDATE_PRODUCT = YES;
			};
			name = Release;
		};
		234D72321F8356870040AF39 /* Debug */ = {
			isa = XCBuildConfiguration;
			buildSettings = {
				ASSETCATALOG_COMPILER_APPICON_NAME = AppIcon;
				CODE_SIGN_STYLE = Automatic;
				INFOPLIST_FILE = SchoolParentManagment/Info.plist;
				LD_RUNPATH_SEARCH_PATHS = "$(inherited) @executable_path/Frameworks";
				PRODUCT_BUNDLE_IDENTIFIER = com.Bestpeers.SchoolParentManagment;
				PRODUCT_NAME = "$(TARGET_NAME)";
				SWIFT_VERSION = 4.0;
				TARGETED_DEVICE_FAMILY = "1,2";
			};
			name = Debug;
		};
		234D72331F8356870040AF39 /* Release */ = {
			isa = XCBuildConfiguration;
			buildSettings = {
				ASSETCATALOG_COMPILER_APPICON_NAME = AppIcon;
				CODE_SIGN_STYLE = Automatic;
				INFOPLIST_FILE = SchoolParentManagment/Info.plist;
				LD_RUNPATH_SEARCH_PATHS = "$(inherited) @executable_path/Frameworks";
				PRODUCT_BUNDLE_IDENTIFIER = com.Bestpeers.SchoolParentManagment;
				PRODUCT_NAME = "$(TARGET_NAME)";
				SWIFT_VERSION = 4.0;
				TARGETED_DEVICE_FAMILY = "1,2";
			};
			name = Release;
		};
/* End XCBuildConfiguration section */

/* Begin XCConfigurationList section */
		234D721A1F8356870040AF39 /* Build configuration list for PBXProject "SchoolParentManagment" */ = {
			isa = XCConfigurationList;
			buildConfigurations = (
				234D722F1F8356870040AF39 /* Debug */,
				234D72301F8356870040AF39 /* Release */,
			);
			defaultConfigurationIsVisible = 0;
			defaultConfigurationName = Release;
		};
		234D72311F8356870040AF39 /* Build configuration list for PBXNativeTarget "SchoolParentManagment" */ = {
			isa = XCConfigurationList;
			buildConfigurations = (
				234D72321F8356870040AF39 /* Debug */,
				234D72331F8356870040AF39 /* Release */,
			);
			defaultConfigurationIsVisible = 0;
			defaultConfigurationName = Release;
		};
/* End XCConfigurationList section */
	};
	rootObject = 234D72171F8356870040AF39 /* Project object */;
}
